
Microsoft Visual Studio Solution File, Format Version 12.00
# Visual Studio Version 17
VisualStudioVersion = 17.5.33414.496
MinimumVisualStudioVersion = 10.0.40219.1
Project("{8BC9CEB8-8B4A-11D0-8D11-00A0C91BC942}") = "exercisekedua_117", "exercisekedua_117\exercisekedua_117.vcxproj", "{A03370AC-66EC-4752-81E1-90644918286E}"
EndProject
Global
	GlobalSection(SolutionConfigurationPlatforms) = preSolution
		Debug|x64 = Debug|x64
		Debug|x86 = Debug|x86
		Release|x64 = Release|x64
		Release|x86 = Release|x86
	EndGlobalSection
	GlobalSection(ProjectConfigurationPlatforms) = postSolution
		{A03370AC-66EC-4752-81E1-90644918286E}.Debug|x64.ActiveCfg = Debug|x64
		{A03370AC-66EC-4752-81E1-90644918286E}.Debug|x64.Build.0 = Debug|x64
		{A03370AC-66EC-4752-81E1-90644918286E}.Debug|x86.ActiveCfg = Debug|Win32
		{A03370AC-66EC-4752-81E1-90644918286E}.Debug|x86.Build.0 = Debug|Win32
		{A03370AC-66EC-4752-81E1-90644918286E}.Release|x64.ActiveCfg = Release|x64
		{A03370AC-66EC-4752-81E1-90644918286E}.Release|x64.Build.0 = Release|x64
		{A03370AC-66EC-4752-81E1-90644918286E}.Release|x86.ActiveCfg = Release|Win32
		{A03370AC-66EC-4752-81E1-90644918286E}.Release|x86.Build.0 = Release|Win32
	EndGlobalSection
	GlobalSection(SolutionProperties) = preSolution
		HideSolutionNode = FALSE
	EndGlobalSection
	GlobalSection(ExtensibilityGlobals) = postSolution
		SolutionGuid = {CE93EA65-1E14-4EC8-8912-6EC52D472247}
	EndGlobalSection
EndGlobal
